
Microsoft Visual Studio Solution File, Format Version 12.00
# Visual Studio Version 17
VisualStudioVersion = 17.7.34018.315
MinimumVisualStudioVersion = 10.0.40219.1
Project("{9A19103F-16F7-4668-BE54-9A1E7A4F7556}") = "StringValidator", "StringValidator\StringValidator.csproj", "{75F08D58-CFEC-4FD5-9C68-0352EF8057FD}"
EndProject
Project("{FAE04EC0-301F-11D3-BF4B-00C04F79EFBC}") = "StringValidatorUsage", "StringValidatorUsage\StringValidatorUsage.csproj", "{F508D203-86B8-4F7B-8501-C85D7E1D5802}"
EndProject
Project("{FAE04EC0-301F-11D3-BF4B-00C04F79EFBC}") = "StringValidatorTests", "StringValidatorTests\StringValidatorTests.csproj", "{4E858E10-1D8D-4817-BA21-3D5888E09D1B}"
EndProject
Global
	GlobalSection(SolutionConfigurationPlatforms) = preSolution
		Debug|Any CPU = Debug|Any CPU
		Release|Any CPU = Release|Any CPU
	EndGlobalSection
	GlobalSection(ProjectConfigurationPlatforms) = postSolution
		{75F08D58-CFEC-4FD5-9C68-0352EF8057FD}.Debug|Any CPU.ActiveCfg = Debug|Any CPU
		{75F08D58-CFEC-4FD5-9C68-0352EF8057FD}.Debug|Any CPU.Build.0 = Debug|Any CPU
		{75F08D58-CFEC-4FD5-9C68-0352EF8057FD}.Release|Any CPU.ActiveCfg = Release|Any CPU
		{75F08D58-CFEC-4FD5-9C68-0352EF8057FD}.Release|Any CPU.Build.0 = Release|Any CPU
		{F508D203-86B8-4F7B-8501-C85D7E1D5802}.Debug|Any CPU.ActiveCfg = Debug|Any CPU
		{F508D203-86B8-4F7B-8501-C85D7E1D5802}.Debug|Any CPU.Build.0 = Debug|Any CPU
		{F508D203-86B8-4F7B-8501-C85D7E1D5802}.Release|Any CPU.ActiveCfg = Release|Any CPU
		{F508D203-86B8-4F7B-8501-C85D7E1D5802}.Release|Any CPU.Build.0 = Release|Any CPU
		{4E858E10-1D8D-4817-BA21-3D5888E09D1B}.Debug|Any CPU.ActiveCfg = Debug|Any CPU
		{4E858E10-1D8D-4817-BA21-3D5888E09D1B}.Debug|Any CPU.Build.0 = Debug|Any CPU
		{4E858E10-1D8D-4817-BA21-3D5888E09D1B}.Release|Any CPU.ActiveCfg = Release|Any CPU
		{4E858E10-1D8D-4817-BA21-3D5888E09D1B}.Release|Any CPU.Build.0 = Release|Any CPU
	EndGlobalSection
	GlobalSection(SolutionProperties) = preSolution
		HideSolutionNode = FALSE
	EndGlobalSection
	GlobalSection(ExtensibilityGlobals) = postSolution
		SolutionGuid = {F08F14DC-7A6C-434C-8A1D-55FCC68FA4E9}
	EndGlobalSection
EndGlobal
